
Microsoft Visual Studio Solution File, Format Version 12.00
# Visual Studio Version 17
VisualStudioVersion = 17.11.35222.181
MinimumVisualStudioVersion = 10.0.40219.1
Project("{9A19103F-16F7-4668-BE54-9A1E7A4F7556}") = "api-ecommerce-loj", "api-ecommerce-loj.csproj", "{82FCBD82-BF96-45BA-9E6B-F22A245F76FC}"
EndProject
Project("{9A19103F-16F7-4668-BE54-9A1E7A4F7556}") = "ecommerce-core", "..\ecommerce-core\ecommerce-core.csproj", "{8BB0FC16-8556-4ACB-A1D1-43F77E388CD7}"
EndProject
Global
	GlobalSection(SolutionConfigurationPlatforms) = preSolution
		Debug|Any CPU = Debug|Any CPU
		Release|Any CPU = Release|Any CPU
	EndGlobalSection
	GlobalSection(ProjectConfigurationPlatforms) = postSolution
		{82FCBD82-BF96-45BA-9E6B-F22A245F76FC}.Debug|Any CPU.ActiveCfg = Debug|Any CPU
		{82FCBD82-BF96-45BA-9E6B-F22A245F76FC}.Debug|Any CPU.Build.0 = Debug|Any CPU
		{82FCBD82-BF96-45BA-9E6B-F22A245F76FC}.Release|Any CPU.ActiveCfg = Release|Any CPU
		{82FCBD82-BF96-45BA-9E6B-F22A245F76FC}.Release|Any CPU.Build.0 = Release|Any CPU
		{8BB0FC16-8556-4ACB-A1D1-43F77E388CD7}.Debug|Any CPU.ActiveCfg = Debug|Any CPU
		{8BB0FC16-8556-4ACB-A1D1-43F77E388CD7}.Debug|Any CPU.Build.0 = Debug|Any CPU
		{8BB0FC16-8556-4ACB-A1D1-43F77E388CD7}.Release|Any CPU.ActiveCfg = Release|Any CPU
		{8BB0FC16-8556-4ACB-A1D1-43F77E388CD7}.Release|Any CPU.Build.0 = Release|Any CPU
	EndGlobalSection
	GlobalSection(SolutionProperties) = preSolution
		HideSolutionNode = FALSE
	EndGlobalSection
	GlobalSection(ExtensibilityGlobals) = postSolution
		SolutionGuid = {02587FC8-2039-45E8-BA2B-4D040F538C6D}
	EndGlobalSection
EndGlobal
