
Microsoft Visual Studio Solution File, Format Version 12.00
# Visual Studio Version 17
VisualStudioVersion = 17.11.35222.181
MinimumVisualStudioVersion = 10.0.40219.1
Project("{FAE04EC0-301F-11D3-BF4B-00C04F79EFBC}") = "ecommerce-core", "ecommerce-core.csproj", "{2F21D1F6-F809-4AE1-BB39-C27F61BD9E66}"
EndProject
Global
	GlobalSection(SolutionConfigurationPlatforms) = preSolution
		Debug|Any CPU = Debug|Any CPU
		Release|Any CPU = Release|Any CPU
	EndGlobalSection
	GlobalSection(ProjectConfigurationPlatforms) = postSolution
		{2F21D1F6-F809-4AE1-BB39-C27F61BD9E66}.Debug|Any CPU.ActiveCfg = Debug|Any CPU
		{2F21D1F6-F809-4AE1-BB39-C27F61BD9E66}.Debug|Any CPU.Build.0 = Debug|Any CPU
		{2F21D1F6-F809-4AE1-BB39-C27F61BD9E66}.Release|Any CPU.ActiveCfg = Release|Any CPU
		{2F21D1F6-F809-4AE1-BB39-C27F61BD9E66}.Release|Any CPU.Build.0 = Release|Any CPU
	EndGlobalSection
	GlobalSection(SolutionProperties) = preSolution
		HideSolutionNode = FALSE
	EndGlobalSection
	GlobalSection(ExtensibilityGlobals) = postSolution
		SolutionGuid = {2883B423-BFF7-4402-AE42-5925D25CD5E9}
	EndGlobalSection
EndGlobal
